// !$*UTF8*$!
{
	archiveVersion = 1;
	classes = {
	};
	objectVersion = 56;
	objects = {

/* Begin PBXBuildFile section */
		100000000000000000000113 /* Assets.xcassets in Resources */ = {isa = PBXBuildFile; fileRef = 100000000000000000000014 /* Assets.xcassets */; };
		100000000000000000000114 /* Sources/Cue3/App/CueActionCoordinator.swift in Sources */ = {isa = PBXBuildFile; fileRef = 100000000000000000000015 /* Sources/Cue3/App/CueActionCoordinator.swift */; };
		100000000000000000000115 /* Sources/Cue3/App/CuePasteService.swift in Sources */ = {isa = PBXBuildFile; fileRef = 100000000000000000000016 /* Sources/Cue3/App/CuePasteService.swift */; };
		100000000000000000000116 /* Tests/Cue3Tests/AppSettingsTests.swift in Sources */ = {isa = PBXBuildFile; fileRef = 100000000000000000000017 /* Tests/Cue3Tests/AppSettingsTests.swift */; };
		100000000000000000000117 /* Tests/Cue3Tests/CueStoreTests.swift in Sources */ = {isa = PBXBuildFile; fileRef = 100000000000000000000018 /* Tests/Cue3Tests/CueStoreTests.swift */; };
		100000000000000000000118 /* Sources/Cue3/App/SystemIntegrationCoordinator.swift in Sources */ = {isa = PBXBuildFile; fileRef = 100000000000000000000020 /* Sources/Cue3/App/SystemIntegrationCoordinator.swift */; };
		100000000000000000000119 /* Sources/Cue3/Store/CueOutputFormatter.swift in Sources */ = {isa = PBXBuildFile; fileRef = 100000000000000000000021 /* Sources/Cue3/Store/CueOutputFormatter.swift */; };
		100000000000000000000120 /* Sources/Cue3/Views/NonActivatingOutputButton.swift in Sources */ = {isa = PBXBuildFile; fileRef = 100000000000000000000022 /* Sources/Cue3/Views/NonActivatingOutputButton.swift */; };
		100000000000000000000121 /* Sources/Cue3/Views/ScrollIndicatorDisabler.swift in Sources */ = {isa = PBXBuildFile; fileRef = 100000000000000000000023 /* Sources/Cue3/Views/ScrollIndicatorDisabler.swift */; };
		100000000000000000000111 /* Sources/Cue3/App/AppSettings.swift in Sources */ = {isa = PBXBuildFile; fileRef = 100000000000000000000011 /* Sources/Cue3/App/AppSettings.swift */; };
		100000000000000000000101 /* Sources/Cue3/App/Cue3App.swift in Sources */ = {isa = PBXBuildFile; fileRef = 100000000000000000000001 /* Sources/Cue3/App/Cue3App.swift */; };
		100000000000000000000102 /* Sources/Cue3/App/FrontmostApplicationTracker.swift in Sources */ = {isa = PBXBuildFile; fileRef = 100000000000000000000002 /* Sources/Cue3/App/FrontmostApplicationTracker.swift */; };
		100000000000000000000103 /* Sources/Cue3/App/GlobalHotKeyController.swift in Sources */ = {isa = PBXBuildFile; fileRef = 100000000000000000000003 /* Sources/Cue3/App/GlobalHotKeyController.swift */; };
		100000000000000000000104 /* Sources/Cue3/App/LifecycleCoordinator.swift in Sources */ = {isa = PBXBuildFile; fileRef = 100000000000000000000004 /* Sources/Cue3/App/LifecycleCoordinator.swift */; };
		100000000000000000000105 /* Sources/Cue3/App/PanelController.swift in Sources */ = {isa = PBXBuildFile; fileRef = 100000000000000000000005 /* Sources/Cue3/App/PanelController.swift */; };
		100000000000000000000106 /* Sources/Cue3/App/SelectionCaptureService.swift in Sources */ = {isa = PBXBuildFile; fileRef = 100000000000000000000006 /* Sources/Cue3/App/SelectionCaptureService.swift */; };
		100000000000000000000107 /* Sources/Cue3/Models/CueModels.swift in Sources */ = {isa = PBXBuildFile; fileRef = 100000000000000000000007 /* Sources/Cue3/Models/CueModels.swift */; };
		100000000000000000000108 /* Sources/Cue3/Store/CueStore.swift in Sources */ = {isa = PBXBuildFile; fileRef = 100000000000000000000008 /* Sources/Cue3/Store/CueStore.swift */; };
		100000000000000000000109 /* Sources/Cue3/Views/CueViews.swift in Sources */ = {isa = PBXBuildFile; fileRef = 100000000000000000000009 /* Sources/Cue3/Views/CueViews.swift */; };
		100000000000000000000110 /* Sources/Cue3/Views/MainPanelView.swift in Sources */ = {isa = PBXBuildFile; fileRef = 100000000000000000000010 /* Sources/Cue3/Views/MainPanelView.swift */; };
		100000000000000000000112 /* Sources/Cue3/Views/SettingsView.swift in Sources */ = {isa = PBXBuildFile; fileRef = 100000000000000000000013 /* Sources/Cue3/Views/SettingsView.swift */; };
/* End PBXBuildFile section */

/* Begin PBXContainerItemProxy section */
		100000000000000000000901 /* PBXContainerItemProxy */ = {
			isa = PBXContainerItemProxy;
			containerPortal = 100000000000000000000501 /* Project object */;
			proxyType = 1;
			remoteGlobalIDString = 100000000000000000000401;
			remoteInfo = Cue3;
		};
/* End PBXContainerItemProxy section */

/* Begin PBXFileReference section */
		100000000000000000000001 /* Sources/Cue3/App/Cue3App.swift */ = {isa = PBXFileReference; lastKnownFileType = sourcecode.swift; path = Sources/Cue3/App/Cue3App.swift; sourceTree = "<group>"; };
		100000000000000000000002 /* Sources/Cue3/App/FrontmostApplicationTracker.swift */ = {isa = PBXFileReference; lastKnownFileType = sourcecode.swift; path = Sources/Cue3/App/FrontmostApplicationTracker.swift; sourceTree = "<group>"; };
		100000000000000000000003 /* Sources/Cue3/App/GlobalHotKeyController.swift */ = {isa = PBXFileReference; lastKnownFileType = sourcecode.swift; path = Sources/Cue3/App/GlobalHotKeyController.swift; sourceTree = "<group>"; };
		100000000000000000000004 /* Sources/Cue3/App/LifecycleCoordinator.swift */ = {isa = PBXFileReference; lastKnownFileType = sourcecode.swift; path = Sources/Cue3/App/LifecycleCoordinator.swift; sourceTree = "<group>"; };
		100000000000000000000005 /* Sources/Cue3/App/PanelController.swift */ = {isa = PBXFileReference; lastKnownFileType = sourcecode.swift; path = Sources/Cue3/App/PanelController.swift; sourceTree = "<group>"; };
		100000000000000000000006 /* Sources/Cue3/App/SelectionCaptureService.swift */ = {isa = PBXFileReference; lastKnownFileType = sourcecode.swift; path = Sources/Cue3/App/SelectionCaptureService.swift; sourceTree = "<group>"; };
		100000000000000000000007 /* Sources/Cue3/Models/CueModels.swift */ = {isa = PBXFileReference; lastKnownFileType = sourcecode.swift; path = Sources/Cue3/Models/CueModels.swift; sourceTree = "<group>"; };
		100000000000000000000008 /* Sources/Cue3/Store/CueStore.swift */ = {isa = PBXFileReference; lastKnownFileType = sourcecode.swift; path = Sources/Cue3/Store/CueStore.swift; sourceTree = "<group>"; };
		100000000000000000000009 /* Sources/Cue3/Views/CueViews.swift */ = {isa = PBXFileReference; lastKnownFileType = sourcecode.swift; path = Sources/Cue3/Views/CueViews.swift; sourceTree = "<group>"; };
		100000000000000000000010 /* Sources/Cue3/Views/MainPanelView.swift */ = {isa = PBXFileReference; lastKnownFileType = sourcecode.swift; path = Sources/Cue3/Views/MainPanelView.swift; sourceTree = "<group>"; };
		100000000000000000000011 /* Sources/Cue3/App/AppSettings.swift */ = {isa = PBXFileReference; lastKnownFileType = sourcecode.swift; path = Sources/Cue3/App/AppSettings.swift; sourceTree = "<group>"; };
		100000000000000000000012 /* Cue3.app */ = {isa = PBXFileReference; explicitFileType = wrapper.application; includeInIndex = 0; path = Cue3.app; sourceTree = BUILT_PRODUCTS_DIR; };
		100000000000000000000013 /* Sources/Cue3/Views/SettingsView.swift */ = {isa = PBXFileReference; lastKnownFileType = sourcecode.swift; path = Sources/Cue3/Views/SettingsView.swift; sourceTree = "<group>"; };
		100000000000000000000014 /* Assets.xcassets */ = {isa = PBXFileReference; lastKnownFileType = folder.assetcatalog; path = Assets.xcassets; sourceTree = "<group>"; };
		100000000000000000000015 /* Sources/Cue3/App/CueActionCoordinator.swift */ = {isa = PBXFileReference; lastKnownFileType = sourcecode.swift; path = Sources/Cue3/App/CueActionCoordinator.swift; sourceTree = "<group>"; };
		100000000000000000000016 /* Sources/Cue3/App/CuePasteService.swift */ = {isa = PBXFileReference; lastKnownFileType = sourcecode.swift; path = Sources/Cue3/App/CuePasteService.swift; sourceTree = "<group>"; };
		100000000000000000000017 /* Tests/Cue3Tests/AppSettingsTests.swift */ = {isa = PBXFileReference; lastKnownFileType = sourcecode.swift; path = Tests/Cue3Tests/AppSettingsTests.swift; sourceTree = "<group>"; };
		100000000000000000000018 /* Tests/Cue3Tests/CueStoreTests.swift */ = {isa = PBXFileReference; lastKnownFileType = sourcecode.swift; path = Tests/Cue3Tests/CueStoreTests.swift; sourceTree = "<group>"; };
		100000000000000000000019 /* Cue3Tests.xctest */ = {isa = PBXFileReference; explicitFileType = wrapper.cfbundle; includeInIndex = 0; path = Cue3Tests.xctest; sourceTree = BUILT_PRODUCTS_DIR; };
		100000000000000000000020 /* Sources/Cue3/App/SystemIntegrationCoordinator.swift */ = {isa = PBXFileReference; lastKnownFileType = sourcecode.swift; path = Sources/Cue3/App/SystemIntegrationCoordinator.swift; sourceTree = "<group>"; };
		100000000000000000000021 /* Sources/Cue3/Store/CueOutputFormatter.swift */ = {isa = PBXFileReference; lastKnownFileType = sourcecode.swift; path = Sources/Cue3/Store/CueOutputFormatter.swift; sourceTree = "<group>"; };
		100000000000000000000022 /* Sources/Cue3/Views/NonActivatingOutputButton.swift */ = {isa = PBXFileReference; lastKnownFileType = sourcecode.swift; path = Sources/Cue3/Views/NonActivatingOutputButton.swift; sourceTree = "<group>"; };
		100000000000000000000023 /* Sources/Cue3/Views/ScrollIndicatorDisabler.swift */ = {isa = PBXFileReference; lastKnownFileType = sourcecode.swift; path = Sources/Cue3/Views/ScrollIndicatorDisabler.swift; sourceTree = "<group>"; };
/* End PBXFileReference section */

/* Begin PBXFrameworksBuildPhase section */
		100000000000000000000201 /* Frameworks */ = {
			isa = PBXFrameworksBuildPhase;
			buildActionMask = 2147483647;
			files = (
			);
			runOnlyForDeploymentPostprocessing = 0;
		};
		100000000000000000000204 /* Frameworks */ = {
			isa = PBXFrameworksBuildPhase;
			buildActionMask = 2147483647;
			files = (
			);
			runOnlyForDeploymentPostprocessing = 0;
		};
/* End PBXFrameworksBuildPhase section */

/* Begin PBXResourcesBuildPhase section */
		100000000000000000000203 /* Resources */ = {
			isa = PBXResourcesBuildPhase;
			buildActionMask = 2147483647;
			files = (
				100000000000000000000113 /* Assets.xcassets in Resources */,
			);
			runOnlyForDeploymentPostprocessing = 0;
		};
/* End PBXResourcesBuildPhase section */

/* Begin PBXGroup section */
		100000000000000000000301 = {
			isa = PBXGroup;
			children = (
				100000000000000000000302 /* App */,
				100000000000000000000303 /* Models */,
				100000000000000000000304 /* Store */,
				100000000000000000000305 /* Views */,
				100000000000000000000307 /* Tests */,
				100000000000000000000014 /* Assets.xcassets */,
				100000000000000000000306 /* Products */,
			);
			sourceTree = "<group>";
		};
		100000000000000000000302 /* App */ = {
			isa = PBXGroup;
			children = (
				100000000000000000000011 /* Sources/Cue3/App/AppSettings.swift */,
				100000000000000000000001 /* Sources/Cue3/App/Cue3App.swift */,
				100000000000000000000002 /* Sources/Cue3/App/FrontmostApplicationTracker.swift */,
				100000000000000000000003 /* Sources/Cue3/App/GlobalHotKeyController.swift */,
				100000000000000000000004 /* Sources/Cue3/App/LifecycleCoordinator.swift */,
				100000000000000000000005 /* Sources/Cue3/App/PanelController.swift */,
				100000000000000000000006 /* Sources/Cue3/App/SelectionCaptureService.swift */,
				100000000000000000000015 /* Sources/Cue3/App/CueActionCoordinator.swift */,
				100000000000000000000016 /* Sources/Cue3/App/CuePasteService.swift */,
				100000000000000000000020 /* Sources/Cue3/App/SystemIntegrationCoordinator.swift */,
			);
			name = App;
			sourceTree = "<group>";
		};
		100000000000000000000303 /* Models */ = {
			isa = PBXGroup;
			children = (
				100000000000000000000007 /* Sources/Cue3/Models/CueModels.swift */,
			);
			name = Models;
			sourceTree = "<group>";
		};
		100000000000000000000304 /* Store */ = {
			isa = PBXGroup;
			children = (
				100000000000000000000008 /* Sources/Cue3/Store/CueStore.swift */,
				100000000000000000000021 /* Sources/Cue3/Store/CueOutputFormatter.swift */,
			);
			name = Store;
			sourceTree = "<group>";
		};
		100000000000000000000305 /* Views */ = {
			isa = PBXGroup;
			children = (
				100000000000000000000009 /* Sources/Cue3/Views/CueViews.swift */,
				100000000000000000000010 /* Sources/Cue3/Views/MainPanelView.swift */,
				100000000000000000000013 /* Sources/Cue3/Views/SettingsView.swift */,
				100000000000000000000022 /* Sources/Cue3/Views/NonActivatingOutputButton.swift */,
				100000000000000000000023 /* Sources/Cue3/Views/ScrollIndicatorDisabler.swift */,
			);
			name = Views;
			sourceTree = "<group>";
		};
		100000000000000000000306 /* Products */ = {
			isa = PBXGroup;
			children = (
				100000000000000000000012 /* Cue3.app */,
				100000000000000000000019 /* Cue3Tests.xctest */,
			);
			name = Products;
			sourceTree = "<group>";
		};
		100000000000000000000307 /* Tests */ = {
			isa = PBXGroup;
			children = (
				100000000000000000000017 /* Tests/Cue3Tests/AppSettingsTests.swift */,
				100000000000000000000018 /* Tests/Cue3Tests/CueStoreTests.swift */,
			);
			name = Tests;
			sourceTree = "<group>";
		};
/* End PBXGroup section */

/* Begin PBXNativeTarget section */
		100000000000000000000401 /* Cue3 */ = {
			isa = PBXNativeTarget;
			buildConfigurationList = 100000000000000000000701 /* Build configuration list for PBXNativeTarget "Cue3" */;
			buildPhases = (
				100000000000000000000202 /* Sources */,
				100000000000000000000201 /* Frameworks */,
				100000000000000000000203 /* Resources */,
			);
			buildRules = (
			);
			dependencies = (
			);
			name = Cue3;
			productName = Cue3;
			productReference = 100000000000000000000012 /* Cue3.app */;
			productType = "com.apple.product-type.application";
		};
		100000000000000000000402 /* Cue3Tests */ = {
			isa = PBXNativeTarget;
			buildConfigurationList = 100000000000000000000702 /* Build configuration list for PBXNativeTarget "Cue3Tests" */;
			buildPhases = (
				100000000000000000000205 /* Sources */,
				100000000000000000000204 /* Frameworks */,
			);
			buildRules = (
			);
			dependencies = (
				100000000000000000000902 /* PBXTargetDependency */,
			);
			name = Cue3Tests;
			productName = Cue3Tests;
			productReference = 100000000000000000000019 /* Cue3Tests.xctest */;
			productType = "com.apple.product-type.bundle.unit-test";
		};
/* End PBXNativeTarget section */

/* Begin PBXProject section */
		100000000000000000000501 /* Project object */ = {
			isa = PBXProject;
			attributes = {
				BuildIndependentTargetsInParallel = 1;
				LastSwiftUpdateCheck = 1600;
				LastUpgradeCheck = 2650;
				TargetAttributes = {
					100000000000000000000401 = {
						CreatedOnToolsVersion = 16.0;
					};
					100000000000000000000402 = {
						CreatedOnToolsVersion = 26.5;
						TestTargetID = 100000000000000000000401;
					};
				};
			};
			buildConfigurationList = 100000000000000000000601 /* Build configuration list for PBXProject "Cue3" */;
			compatibilityVersion = "Xcode 14.0";
			developmentRegion = zh_CN;
			hasScannedForEncodings = 0;
			knownRegions = (
				zh_CN,
				en,
				Base,
			);
			mainGroup = 100000000000000000000301;
			productRefGroup = 100000000000000000000306 /* Products */;
			projectDirPath = "";
			projectRoot = "";
				targets = (
					100000000000000000000401 /* Cue3 */,
					100000000000000000000402 /* Cue3Tests */,
			);
		};
/* End PBXProject section */

/* Begin PBXSourcesBuildPhase section */
		100000000000000000000202 /* Sources */ = {
			isa = PBXSourcesBuildPhase;
			buildActionMask = 2147483647;
			files = (
				100000000000000000000111 /* Sources/Cue3/App/AppSettings.swift in Sources */,
				100000000000000000000101 /* Sources/Cue3/App/Cue3App.swift in Sources */,
				100000000000000000000102 /* Sources/Cue3/App/FrontmostApplicationTracker.swift in Sources */,
				100000000000000000000103 /* Sources/Cue3/App/GlobalHotKeyController.swift in Sources */,
				100000000000000000000104 /* Sources/Cue3/App/LifecycleCoordinator.swift in Sources */,
				100000000000000000000105 /* Sources/Cue3/App/PanelController.swift in Sources */,
				100000000000000000000106 /* Sources/Cue3/App/SelectionCaptureService.swift in Sources */,
				100000000000000000000107 /* Sources/Cue3/Models/CueModels.swift in Sources */,
				100000000000000000000108 /* Sources/Cue3/Store/CueStore.swift in Sources */,
				100000000000000000000109 /* Sources/Cue3/Views/CueViews.swift in Sources */,
				100000000000000000000110 /* Sources/Cue3/Views/MainPanelView.swift in Sources */,
				100000000000000000000112 /* Sources/Cue3/Views/SettingsView.swift in Sources */,
				100000000000000000000114 /* Sources/Cue3/App/CueActionCoordinator.swift in Sources */,
				100000000000000000000115 /* Sources/Cue3/App/CuePasteService.swift in Sources */,
				100000000000000000000118 /* Sources/Cue3/App/SystemIntegrationCoordinator.swift in Sources */,
				100000000000000000000119 /* Sources/Cue3/Store/CueOutputFormatter.swift in Sources */,
				100000000000000000000120 /* Sources/Cue3/Views/NonActivatingOutputButton.swift in Sources */,
				100000000000000000000121 /* Sources/Cue3/Views/ScrollIndicatorDisabler.swift in Sources */,
			);
			runOnlyForDeploymentPostprocessing = 0;
		};
		100000000000000000000205 /* Sources */ = {
			isa = PBXSourcesBuildPhase;
			buildActionMask = 2147483647;
			files = (
				100000000000000000000116 /* Tests/Cue3Tests/AppSettingsTests.swift in Sources */,
				100000000000000000000117 /* Tests/Cue3Tests/CueStoreTests.swift in Sources */,
			);
			runOnlyForDeploymentPostprocessing = 0;
		};
/* End PBXSourcesBuildPhase section */

/* Begin PBXTargetDependency section */
		100000000000000000000902 /* PBXTargetDependency */ = {
			isa = PBXTargetDependency;
			target = 100000000000000000000401 /* Cue3 */;
			targetProxy = 100000000000000000000901 /* PBXContainerItemProxy */;
		};
/* End PBXTargetDependency section */

/* Begin XCBuildConfiguration section */
		100000000000000000000801 /* Debug */ = {
			isa = XCBuildConfiguration;
			buildSettings = {
				ALWAYS_SEARCH_USER_PATHS = NO;
				CLANG_ANALYZER_LOCALIZABILITY_NONLOCALIZED = YES;
				CLANG_ANALYZER_NONNULL = YES;
				CLANG_ANALYZER_NUMBER_OBJECT_CONVERSION = YES_AGGRESSIVE;
				CLANG_CXX_LANGUAGE_STANDARD = "gnu++20";
				CLANG_ENABLE_MODULES = YES;
				CLANG_ENABLE_OBJC_ARC = YES;
				CLANG_ENABLE_OBJC_WEAK = YES;
				CLANG_WARN_BLOCK_CAPTURE_AUTORELEASING = YES;
				CLANG_WARN_BOOL_CONVERSION = YES;
				CLANG_WARN_COMMA = YES;
				CLANG_WARN_CONSTANT_CONVERSION = YES;
				CLANG_WARN_DEPRECATED_OBJC_IMPLEMENTATIONS = YES;
				CLANG_WARN_DIRECT_OBJC_ISA_USAGE = YES_ERROR;
				CLANG_WARN_DOCUMENTATION_COMMENTS = YES;
				CLANG_WARN_EMPTY_BODY = YES;
				CLANG_WARN_ENUM_CONVERSION = YES;
				CLANG_WARN_INFINITE_RECURSION = YES;
				CLANG_WARN_INT_CONVERSION = YES;
				CLANG_WARN_NON_LITERAL_NULL_CONVERSION = YES;
				CLANG_WARN_OBJC_IMPLICIT_RETAIN_SELF = YES;
				CLANG_WARN_OBJC_LITERAL_CONVERSION = YES;
				CLANG_WARN_OBJC_ROOT_CLASS = YES_ERROR;
				CLANG_WARN_QUOTED_INCLUDE_IN_FRAMEWORK_HEADER = YES;
				CLANG_WARN_RANGE_LOOP_ANALYSIS = YES;
				CLANG_WARN_STRICT_PROTOTYPES = YES;
				CLANG_WARN_SUSPICIOUS_MOVE = YES;
				CLANG_WARN_UNGUARDED_AVAILABILITY = YES_AGGRESSIVE;
				CLANG_WARN_UNREACHABLE_CODE = YES;
				CLANG_WARN__DUPLICATE_METHOD_MATCH = YES;
				COPY_PHASE_STRIP = NO;
				DEAD_CODE_STRIPPING = YES;
				DEBUG_INFORMATION_FORMAT = dwarf;
				ENABLE_STRICT_OBJC_MSGSEND = YES;
				ENABLE_TESTABILITY = YES;
				ENABLE_USER_SCRIPT_SANDBOXING = YES;
				GCC_C_LANGUAGE_STANDARD = gnu17;
				GCC_DYNAMIC_NO_PIC = NO;
				GCC_NO_COMMON_BLOCKS = YES;
				GCC_OPTIMIZATION_LEVEL = 0;
				GCC_PREPROCESSOR_DEFINITIONS = (
					"DEBUG=1",
					"$(inherited)",
				);
				GCC_WARN_64_TO_32_BIT_CONVERSION = YES;
				GCC_WARN_ABOUT_RETURN_TYPE = YES_ERROR;
				GCC_WARN_UNDECLARED_SELECTOR = YES;
				GCC_WARN_UNINITIALIZED_AUTOS = YES_AGGRESSIVE;
				GCC_WARN_UNUSED_FUNCTION = YES;
				GCC_WARN_UNUSED_VARIABLE = YES;
				MACOSX_DEPLOYMENT_TARGET = 15.0;
				MTL_ENABLE_DEBUG_INFO = INCLUDE_SOURCE;
				MTL_FAST_MATH = YES;
				ONLY_ACTIVE_ARCH = YES;
				SDKROOT = macosx;
				STRING_CATALOG_GENERATE_SYMBOLS = YES;
				SWIFT_ACTIVE_COMPILATION_CONDITIONS = "DEBUG $(inherited)";
				SWIFT_OPTIMIZATION_LEVEL = "-Onone";
			};
			name = Debug;
		};
		100000000000000000000802 /* Release */ = {
			isa = XCBuildConfiguration;
			buildSettings = {
				ALWAYS_SEARCH_USER_PATHS = NO;
				CLANG_ANALYZER_LOCALIZABILITY_NONLOCALIZED = YES;
				CLANG_ANALYZER_NONNULL = YES;
				CLANG_ANALYZER_NUMBER_OBJECT_CONVERSION = YES_AGGRESSIVE;
				CLANG_CXX_LANGUAGE_STANDARD = "gnu++20";
				CLANG_ENABLE_MODULES = YES;
				CLANG_ENABLE_OBJC_ARC = YES;
				CLANG_ENABLE_OBJC_WEAK = YES;
				CLANG_WARN_BLOCK_CAPTURE_AUTORELEASING = YES;
				CLANG_WARN_BOOL_CONVERSION = YES;
				CLANG_WARN_COMMA = YES;
				CLANG_WARN_CONSTANT_CONVERSION = YES;
				CLANG_WARN_DEPRECATED_OBJC_IMPLEMENTATIONS = YES;
				CLANG_WARN_DIRECT_OBJC_ISA_USAGE = YES_ERROR;
				CLANG_WARN_DOCUMENTATION_COMMENTS = YES;
				CLANG_WARN_EMPTY_BODY = YES;
				CLANG_WARN_ENUM_CONVERSION = YES;
				CLANG_WARN_INFINITE_RECURSION = YES;
				CLANG_WARN_INT_CONVERSION = YES;
				CLANG_WARN_NON_LITERAL_NULL_CONVERSION = YES;
				CLANG_WARN_OBJC_IMPLICIT_RETAIN_SELF = YES;
				CLANG_WARN_OBJC_LITERAL_CONVERSION = YES;
				CLANG_WARN_OBJC_ROOT_CLASS = YES_ERROR;
				CLANG_WARN_QUOTED_INCLUDE_IN_FRAMEWORK_HEADER = YES;
				CLANG_WARN_RANGE_LOOP_ANALYSIS = YES;
				CLANG_WARN_STRICT_PROTOTYPES = YES;
				CLANG_WARN_SUSPICIOUS_MOVE = YES;
				CLANG_WARN_UNGUARDED_AVAILABILITY = YES_AGGRESSIVE;
				CLANG_WARN_UNREACHABLE_CODE = YES;
				CLANG_WARN__DUPLICATE_METHOD_MATCH = YES;
				COPY_PHASE_STRIP = NO;
				DEAD_CODE_STRIPPING = YES;
				DEBUG_INFORMATION_FORMAT = "dwarf-with-dsym";
				ENABLE_NS_ASSERTIONS = NO;
				ENABLE_STRICT_OBJC_MSGSEND = YES;
				ENABLE_USER_SCRIPT_SANDBOXING = YES;
				GCC_C_LANGUAGE_STANDARD = gnu17;
				GCC_NO_COMMON_BLOCKS = YES;
				GCC_WARN_64_TO_32_BIT_CONVERSION = YES;
				GCC_WARN_ABOUT_RETURN_TYPE = YES_ERROR;
				GCC_WARN_UNDECLARED_SELECTOR = YES;
				GCC_WARN_UNINITIALIZED_AUTOS = YES_AGGRESSIVE;
				GCC_WARN_UNUSED_FUNCTION = YES;
				GCC_WARN_UNUSED_VARIABLE = YES;
				MACOSX_DEPLOYMENT_TARGET = 15.0;
				MTL_ENABLE_DEBUG_INFO = NO;
				MTL_FAST_MATH = YES;
				SDKROOT = macosx;
				STRING_CATALOG_GENERATE_SYMBOLS = YES;
				SWIFT_COMPILATION_MODE = wholemodule;
				SWIFT_OPTIMIZATION_LEVEL = "-O";
			};
			name = Release;
		};
		100000000000000000000803 /* Debug */ = {
			isa = XCBuildConfiguration;
			buildSettings = {
				CODE_SIGN_IDENTITY = "Apple Development";
				"CODE_SIGN_IDENTITY[sdk=macosx*]" = "-";
				CODE_SIGN_STYLE = Automatic;
				COMBINE_HIDPI_IMAGES = YES;
				CURRENT_PROJECT_VERSION = 1;
				DEAD_CODE_STRIPPING = YES;
				DEVELOPMENT_TEAM = "";
				ENABLE_HARDENED_RUNTIME = YES;
				ASSETCATALOG_COMPILER_APPICON_NAME = AppIcon;
				GENERATE_INFOPLIST_FILE = YES;
				INFOPLIST_KEY_CFBundleDisplayName = Cue3;
				INFOPLIST_KEY_LSUIElement = YES;
				INFOPLIST_KEY_NSHighResolutionCapable = YES;
				INFOPLIST_KEY_NSHumanReadableCopyright = "";
				MACOSX_DEPLOYMENT_TARGET = 15.0;
				MARKETING_VERSION = 1.0.7;
				PRODUCT_BUNDLE_IDENTIFIER = com.0xlic.cue3;
				PRODUCT_MODULE_NAME = Cue3;
				PRODUCT_NAME = Cue3;
				PROVISIONING_PROFILE_SPECIFIER = "";
				SDKROOT = macosx;
				SWIFT_VERSION = 5.0;
			};
			name = Debug;
		};
		100000000000000000000804 /* Release */ = {
			isa = XCBuildConfiguration;
			buildSettings = {
				CODE_SIGN_IDENTITY = "Apple Development";
				"CODE_SIGN_IDENTITY[sdk=macosx*]" = "-";
				CODE_SIGN_STYLE = Automatic;
				COMBINE_HIDPI_IMAGES = YES;
				CURRENT_PROJECT_VERSION = 1;
				DEAD_CODE_STRIPPING = YES;
				DEVELOPMENT_TEAM = "";
				ENABLE_HARDENED_RUNTIME = YES;
				ASSETCATALOG_COMPILER_APPICON_NAME = AppIcon;
				GENERATE_INFOPLIST_FILE = YES;
				INFOPLIST_KEY_CFBundleDisplayName = Cue3;
				INFOPLIST_KEY_LSUIElement = YES;
				INFOPLIST_KEY_NSHighResolutionCapable = YES;
				INFOPLIST_KEY_NSHumanReadableCopyright = "";
				MACOSX_DEPLOYMENT_TARGET = 15.0;
				MARKETING_VERSION = 1.0.7;
				PRODUCT_BUNDLE_IDENTIFIER = com.0xlic.cue3;
				PRODUCT_MODULE_NAME = Cue3;
				PRODUCT_NAME = Cue3;
				PROVISIONING_PROFILE_SPECIFIER = "";
				SDKROOT = macosx;
				SWIFT_VERSION = 5.0;
			};
			name = Release;
		};
		100000000000000000000805 /* Debug */ = {
			isa = XCBuildConfiguration;
			buildSettings = {
				BUNDLE_LOADER = "$(TEST_HOST)";
				CODE_SIGN_STYLE = Automatic;
				CURRENT_PROJECT_VERSION = 1;
				DEVELOPMENT_TEAM = "";
				GENERATE_INFOPLIST_FILE = YES;
				MACOSX_DEPLOYMENT_TARGET = 15.0;
				PRODUCT_BUNDLE_IDENTIFIER = com.0xlic.cue3.tests;
				PRODUCT_NAME = "$(TARGET_NAME)";
				SWIFT_VERSION = 5.0;
				TEST_HOST = "$(BUILT_PRODUCTS_DIR)/Cue3.app/Contents/MacOS/Cue3";
			};
			name = Debug;
		};
		100000000000000000000806 /* Release */ = {
			isa = XCBuildConfiguration;
			buildSettings = {
				BUNDLE_LOADER = "$(TEST_HOST)";
				CODE_SIGN_STYLE = Automatic;
				CURRENT_PROJECT_VERSION = 1;
				DEVELOPMENT_TEAM = "";
				GENERATE_INFOPLIST_FILE = YES;
				MACOSX_DEPLOYMENT_TARGET = 15.0;
				PRODUCT_BUNDLE_IDENTIFIER = com.0xlic.cue3.tests;
				PRODUCT_NAME = "$(TARGET_NAME)";
				SWIFT_VERSION = 5.0;
				TEST_HOST = "$(BUILT_PRODUCTS_DIR)/Cue3.app/Contents/MacOS/Cue3";
			};
			name = Release;
		};
/* End XCBuildConfiguration section */

/* Begin XCConfigurationList section */
		100000000000000000000601 /* Build configuration list for PBXProject "Cue3" */ = {
			isa = XCConfigurationList;
			buildConfigurations = (
				100000000000000000000801 /* Debug */,
				100000000000000000000802 /* Release */,
			);
			defaultConfigurationIsVisible = 0;
			defaultConfigurationName = Debug;
		};
		100000000000000000000701 /* Build configuration list for PBXNativeTarget "Cue3" */ = {
			isa = XCConfigurationList;
			buildConfigurations = (
				100000000000000000000803 /* Debug */,
				100000000000000000000804 /* Release */,
			);
			defaultConfigurationIsVisible = 0;
			defaultConfigurationName = Debug;
		};
		100000000000000000000702 /* Build configuration list for PBXNativeTarget "Cue3Tests" */ = {
			isa = XCConfigurationList;
			buildConfigurations = (
				100000000000000000000805 /* Debug */,
				100000000000000000000806 /* Release */,
			);
			defaultConfigurationIsVisible = 0;
			defaultConfigurationName = Debug;
		};
/* End XCConfigurationList section */
	};
	rootObject = 100000000000000000000501 /* Project object */;
}
